
Microsoft Visual Studio Solution File, Format Version 12.00
# Visual Studio 2013
VisualStudioVersion = 12.0.31101.0
MinimumVisualStudioVersion = 10.0.40219.1
Project("{FAE04EC0-301F-11D3-BF4B-00C04F79EFBC}") = "Example", "Example\Example.csproj", "{B140B373-E602-4C65-8EF9-097C129D5DE6}"
EndProject
Project("{FAE04EC0-301F-11D3-BF4B-00C04F79EFBC}") = "SharpPaf", "SharpPaf\SharpPaf.csproj", "{FE356987-E6A7-4A0A-9EB2-59CA173AD38E}"
EndProject
Project("{FAE04EC0-301F-11D3-BF4B-00C04F79EFBC}") = "UnitTests", "UnitTests\UnitTests.csproj", "{CC2A27F9-CAF2-4034-AB35-23C0704A9D9E}"
EndProject
Project("{FAE04EC0-301F-11D3-BF4B-00C04F79EFBC}") = "SharpPaf.Data", "SharpPaf\SharpPaf.Data.csproj", "{F7EC9EF5-085D-407B-9BAA-40E4C244E785}"
EndProject
Project("{FAE04EC0-301F-11D3-BF4B-00C04F79EFBC}") = "SqlServerExample", "SqlServerExample\SqlServerExample.csproj", "{D99C83F6-528E-4940-9E30-0A737EEC0B70}"
EndProject
Global
	GlobalSection(SolutionConfigurationPlatforms) = preSolution
		Debug|Any CPU = Debug|Any CPU
		Release|Any CPU = Release|Any CPU
	EndGlobalSection
	GlobalSection(ProjectConfigurationPlatforms) = postSolution
		{B140B373-E602-4C65-8EF9-097C129D5DE6}.Debug|Any CPU.ActiveCfg = Debug|Any CPU
		{B140B373-E602-4C65-8EF9-097C129D5DE6}.Debug|Any CPU.Build.0 = Debug|Any CPU
		{B140B373-E602-4C65-8EF9-097C129D5DE6}.Release|Any CPU.ActiveCfg = Release|Any CPU
		{B140B373-E602-4C65-8EF9-097C129D5DE6}.Release|Any CPU.Build.0 = Release|Any CPU
		{FE356987-E6A7-4A0A-9EB2-59CA173AD38E}.Debug|Any CPU.ActiveCfg = Debug|Any CPU
		{FE356987-E6A7-4A0A-9EB2-59CA173AD38E}.Debug|Any CPU.Build.0 = Debug|Any CPU
		{FE356987-E6A7-4A0A-9EB2-59CA173AD38E}.Release|Any CPU.ActiveCfg = Release|Any CPU
		{FE356987-E6A7-4A0A-9EB2-59CA173AD38E}.Release|Any CPU.Build.0 = Release|Any CPU
		{CC2A27F9-CAF2-4034-AB35-23C0704A9D9E}.Debug|Any CPU.ActiveCfg = Debug|Any CPU
		{CC2A27F9-CAF2-4034-AB35-23C0704A9D9E}.Debug|Any CPU.Build.0 = Debug|Any CPU
		{CC2A27F9-CAF2-4034-AB35-23C0704A9D9E}.Release|Any CPU.ActiveCfg = Release|Any CPU
		{CC2A27F9-CAF2-4034-AB35-23C0704A9D9E}.Release|Any CPU.Build.0 = Release|Any CPU
		{F7EC9EF5-085D-407B-9BAA-40E4C244E785}.Debug|Any CPU.ActiveCfg = Debug|Any CPU
		{F7EC9EF5-085D-407B-9BAA-40E4C244E785}.Debug|Any CPU.Build.0 = Debug|Any CPU
		{F7EC9EF5-085D-407B-9BAA-40E4C244E785}.Release|Any CPU.ActiveCfg = Release|Any CPU
		{F7EC9EF5-085D-407B-9BAA-40E4C244E785}.Release|Any CPU.Build.0 = Release|Any CPU
		{D99C83F6-528E-4940-9E30-0A737EEC0B70}.Debug|Any CPU.ActiveCfg = Debug|Any CPU
		{D99C83F6-528E-4940-9E30-0A737EEC0B70}.Debug|Any CPU.Build.0 = Debug|Any CPU
		{D99C83F6-528E-4940-9E30-0A737EEC0B70}.Release|Any CPU.ActiveCfg = Release|Any CPU
		{D99C83F6-528E-4940-9E30-0A737EEC0B70}.Release|Any CPU.Build.0 = Release|Any CPU
	EndGlobalSection
	GlobalSection(SolutionProperties) = preSolution
		HideSolutionNode = FALSE
	EndGlobalSection
EndGlobal
